// !$*UTF8*$!
{
	archiveVersion = 1;
	classes = {
	};
	objectVersion = 56;
	objects = {

/* Begin PBXBuildFile section */
		6C7598732A5BA49400271DBC /* AppDelegate.swift in Sources */ = {isa = PBXBuildFile; fileRef = 6C7598722A5BA49400271DBC /* AppDelegate.swift */; };
		6C7598752A5BA49400271DBC /* SceneDelegate.swift in Sources */ = {isa = PBXBuildFile; fileRef = 6C7598742A5BA49400271DBC /* SceneDelegate.swift */; };
		6C7598772A5BA49400271DBC /* ViewController.swift in Sources */ = {isa = PBXBuildFile; fileRef = 6C7598762A5BA49400271DBC /* ViewController.swift */; };
		6C75987A2A5BA49400271DBC /* Main.storyboard in Resources */ = {isa = PBXBuildFile; fileRef = 6C7598782A5BA49400271DBC /* Main.storyboard */; };
		6C75987C2A5BA49500271DBC /* Assets.xcassets in Resources */ = {isa = PBXBuildFile; fileRef = 6C75987B2A5BA49500271DBC /* Assets.xcassets */; };
		6C75987F2A5BA49500271DBC /* LaunchScreen.storyboard in Resources */ = {isa = PBXBuildFile; fileRef = 6C75987D2A5BA49500271DBC /* LaunchScreen.storyboard */; };
		6C75988A2A5BA49600271DBC /* NSURLSessionTests.swift in Sources */ = {isa = PBXBuildFile; fileRef = 6C7598892A5BA49600271DBC /* NSURLSessionTests.swift */; };
		6C7598942A5BA49600271DBC /* NSURLSessionUITests.swift in Sources */ = {isa = PBXBuildFile; fileRef = 6C7598932A5BA49600271DBC /* NSURLSessionUITests.swift */; };
		6C7598962A5BA49600271DBC /* NSURLSessionUITestsLaunchTests.swift in Sources */ = {isa = PBXBuildFile; fileRef = 6C7598952A5BA49600271DBC /* NSURLSessionUITestsLaunchTests.swift */; };
/* End PBXBuildFile section */

/* Begin PBXContainerItemProxy section */
		6C7598862A5BA49600271DBC /* PBXContainerItemProxy */ = {
			isa = PBXContainerItemProxy;
			containerPortal = 6C7598672A5BA49400271DBC /* Project object */;
			proxyType = 1;
			remoteGlobalIDString = 6C75986E2A5BA49400271DBC;
			remoteInfo = NSURLSession;
		};
		6C7598902A5BA49600271DBC /* PBXContainerItemProxy */ = {
			isa = PBXContainerItemProxy;
			containerPortal = 6C7598672A5BA49400271DBC /* Project object */;
			proxyType = 1;
			remoteGlobalIDString = 6C75986E2A5BA49400271DBC;
			remoteInfo = NSURLSession;
		};
/* End PBXContainerItemProxy section */

/* Begin PBXFileReference section */
		6C75986F2A5BA49400271DBC /* NSURLSession.app */ = {isa = PBXFileReference; explicitFileType = wrapper.application; includeInIndex = 0; path = NSURLSession.app; sourceTree = BUILT_PRODUCTS_DIR; };
		6C7598722A5BA49400271DBC /* AppDelegate.swift */ = {isa = PBXFileReference; lastKnownFileType = sourcecode.swift; path = AppDelegate.swift; sourceTree = "<group>"; };
		6C7598742A5BA49400271DBC /* SceneDelegate.swift */ = {isa = PBXFileReference; lastKnownFileType = sourcecode.swift; path = SceneDelegate.swift; sourceTree = "<group>"; };
		6C7598762A5BA49400271DBC /* ViewController.swift */ = {isa = PBXFileReference; lastKnownFileType = sourcecode.swift; path = ViewController.swift; sourceTree = "<group>"; };
		6C7598792A5BA49400271DBC /* Base */ = {isa = PBXFileReference; lastKnownFileType = file.storyboard; name = Base; path = Base.lproj/Main.storyboard; sourceTree = "<group>"; };
		6C75987B2A5BA49500271DBC /* Assets.xcassets */ = {isa = PBXFileReference; lastKnownFileType = folder.assetcatalog; path = Assets.xcassets; sourceTree = "<group>"; };
		6C75987E2A5BA49500271DBC /* Base */ = {isa = PBXFileReference; lastKnownFileType = file.storyboard; name = Base; path = Base.lproj/LaunchScreen.storyboard; sourceTree = "<group>"; };
		6C7598802A5BA49500271DBC /* Info.plist */ = {isa = PBXFileReference; lastKnownFileType = text.plist.xml; path = Info.plist; sourceTree = "<group>"; };
		6C7598852A5BA49600271DBC /* NSURLSessionTests.xctest */ = {isa = PBXFileReference; explicitFileType = wrapper.cfbundle; includeInIndex = 0; path = NSURLSessionTests.xctest; sourceTree = BUILT_PRODUCTS_DIR; };
		6C7598892A5BA49600271DBC /* NSURLSessionTests.swift */ = {isa = PBXFileReference; lastKnownFileType = sourcecode.swift; path = NSURLSessionTests.swift; sourceTree = "<group>"; };
		6C75988F2A5BA49600271DBC /* NSURLSessionUITests.xctest */ = {isa = PBXFileReference; explicitFileType = wrapper.cfbundle; includeInIndex = 0; path = NSURLSessionUITests.xctest; sourceTree = BUILT_PRODUCTS_DIR; };
		6C7598932A5BA49600271DBC /* NSURLSessionUITests.swift */ = {isa = PBXFileReference; lastKnownFileType = sourcecode.swift; path = NSURLSessionUITests.swift; sourceTree = "<group>"; };
		6C7598952A5BA49600271DBC /* NSURLSessionUITestsLaunchTests.swift */ = {isa = PBXFileReference; lastKnownFileType = sourcecode.swift; path = NSURLSessionUITestsLaunchTests.swift; sourceTree = "<group>"; };
/* End PBXFileReference section */

/* Begin PBXFrameworksBuildPhase section */
		6C75986C2A5BA49400271DBC /* Frameworks */ = {
			isa = PBXFrameworksBuildPhase;
			buildActionMask = 2147483647;
			files = (
			);
			runOnlyForDeploymentPostprocessing = 0;
		};
		6C7598822A5BA49600271DBC /* Frameworks */ = {
			isa = PBXFrameworksBuildPhase;
			buildActionMask = 2147483647;
			files = (
			);
			runOnlyForDeploymentPostprocessing = 0;
		};
		6C75988C2A5BA49600271DBC /* Frameworks */ = {
			isa = PBXFrameworksBuildPhase;
			buildActionMask = 2147483647;
			files = (
			);
			runOnlyForDeploymentPostprocessing = 0;
		};
/* End PBXFrameworksBuildPhase section */

/* Begin PBXGroup section */
		6C7598662A5BA49400271DBC = {
			isa = PBXGroup;
			children = (
				6C7598712A5BA49400271DBC /* NSURLSession */,
				6C7598882A5BA49600271DBC /* NSURLSessionTests */,
				6C7598922A5BA49600271DBC /* NSURLSessionUITests */,
				6C7598702A5BA49400271DBC /* Products */,
			);
			sourceTree = "<group>";
		};
		6C7598702A5BA49400271DBC /* Products */ = {
			isa = PBXGroup;
			children = (
				6C75986F2A5BA49400271DBC /* NSURLSession.app */,
				6C7598852A5BA49600271DBC /* NSURLSessionTests.xctest */,
				6C75988F2A5BA49600271DBC /* NSURLSessionUITests.xctest */,
			);
			name = Products;
			sourceTree = "<group>";
		};
		6C7598712A5BA49400271DBC /* NSURLSession */ = {
			isa = PBXGroup;
			children = (
				6C7598722A5BA49400271DBC /* AppDelegate.swift */,
				6C7598742A5BA49400271DBC /* SceneDelegate.swift */,
				6C7598762A5BA49400271DBC /* ViewController.swift */,
				6C7598782A5BA49400271DBC /* Main.storyboard */,
				6C75987B2A5BA49500271DBC /* Assets.xcassets */,
				6C75987D2A5BA49500271DBC /* LaunchScreen.storyboard */,
				6C7598802A5BA49500271DBC /* Info.plist */,
			);
			path = NSURLSession;
			sourceTree = "<group>";
		};
		6C7598882A5BA49600271DBC /* NSURLSessionTests */ = {
			isa = PBXGroup;
			children = (
				6C7598892A5BA49600271DBC /* NSURLSessionTests.swift */,
			);
			path = NSURLSessionTests;
			sourceTree = "<group>";
		};
		6C7598922A5BA49600271DBC /* NSURLSessionUITests */ = {
			isa = PBXGroup;
			children = (
				6C7598932A5BA49600271DBC /* NSURLSessionUITests.swift */,
				6C7598952A5BA49600271DBC /* NSURLSessionUITestsLaunchTests.swift */,
			);
			path = NSURLSessionUITests;
			sourceTree = "<group>";
		};
/* End PBXGroup section */

/* Begin PBXNativeTarget section */
		6C75986E2A5BA49400271DBC /* NSURLSession */ = {
			isa = PBXNativeTarget;
			buildConfigurationList = 6C7598992A5BA49600271DBC /* Build configuration list for PBXNativeTarget "NSURLSession" */;
			buildPhases = (
				6C75986B2A5BA49400271DBC /* Sources */,
				6C75986C2A5BA49400271DBC /* Frameworks */,
				6C75986D2A5BA49400271DBC /* Resources */,
			);
			buildRules = (
			);
			dependencies = (
			);
			name = NSURLSession;
			productName = NSURLSession;
			productReference = 6C75986F2A5BA49400271DBC /* NSURLSession.app */;
			productType = "com.apple.product-type.application";
		};
		6C7598842A5BA49600271DBC /* NSURLSessionTests */ = {
			isa = PBXNativeTarget;
			buildConfigurationList = 6C75989C2A5BA49600271DBC /* Build configuration list for PBXNativeTarget "NSURLSessionTests" */;
			buildPhases = (
				6C7598812A5BA49600271DBC /* Sources */,
				6C7598822A5BA49600271DBC /* Frameworks */,
				6C7598832A5BA49600271DBC /* Resources */,
			);
			buildRules = (
			);
			dependencies = (
				6C7598872A5BA49600271DBC /* PBXTargetDependency */,
			);
			name = NSURLSessionTests;
			productName = NSURLSessionTests;
			productReference = 6C7598852A5BA49600271DBC /* NSURLSessionTests.xctest */;
			productType = "com.apple.product-type.bundle.unit-test";
		};
		6C75988E2A5BA49600271DBC /* NSURLSessionUITests */ = {
			isa = PBXNativeTarget;
			buildConfigurationList = 6C75989F2A5BA49600271DBC /* Build configuration list for PBXNativeTarget "NSURLSessionUITests" */;
			buildPhases = (
				6C75988B2A5BA49600271DBC /* Sources */,
				6C75988C2A5BA49600271DBC /* Frameworks */,
				6C75988D2A5BA49600271DBC /* Resources */,
			);
			buildRules = (
			);
			dependencies = (
				6C7598912A5BA49600271DBC /* PBXTargetDependency */,
			);
			name = NSURLSessionUITests;
			productName = NSURLSessionUITests;
			productReference = 6C75988F2A5BA49600271DBC /* NSURLSessionUITests.xctest */;
			productType = "com.apple.product-type.bundle.ui-testing";
		};
/* End PBXNativeTarget section */

/* Begin PBXProject section */
		6C7598672A5BA49400271DBC /* Project object */ = {
			isa = PBXProject;
			attributes = {
				BuildIndependentTargetsInParallel = 1;
				LastSwiftUpdateCheck = 1430;
				LastUpgradeCheck = 1430;
				TargetAttributes = {
					6C75986E2A5BA49400271DBC = {
						CreatedOnToolsVersion = 14.3.1;
					};
					6C7598842A5BA49600271DBC = {
						CreatedOnToolsVersion = 14.3.1;
						TestTargetID = 6C75986E2A5BA49400271DBC;
					};
					6C75988E2A5BA49600271DBC = {
						CreatedOnToolsVersion = 14.3.1;
						TestTargetID = 6C75986E2A5BA49400271DBC;
					};
				};
			};
			buildConfigurationList = 6C75986A2A5BA49400271DBC /* Build configuration list for PBXProject "NSURLSession" */;
			compatibilityVersion = "Xcode 14.0";
			developmentRegion = en;
			hasScannedForEncodings = 0;
			knownRegions = (
				en,
				Base,
			);
			mainGroup = 6C7598662A5BA49400271DBC;
			productRefGroup = 6C7598702A5BA49400271DBC /* Products */;
			projectDirPath = "";
			projectRoot = "";
			targets = (
				6C75986E2A5BA49400271DBC /* NSURLSession */,
				6C7598842A5BA49600271DBC /* NSURLSessionTests */,
				6C75988E2A5BA49600271DBC /* NSURLSessionUITests */,
			);
		};
/* End PBXProject section */

/* Begin PBXResourcesBuildPhase section */
		6C75986D2A5BA49400271DBC /* Resources */ = {
			isa = PBXResourcesBuildPhase;
			buildActionMask = 2147483647;
			files = (
				6C75987F2A5BA49500271DBC /* LaunchScreen.storyboard in Resources */,
				6C75987C2A5BA49500271DBC /* Assets.xcassets in Resources */,
				6C75987A2A5BA49400271DBC /* Main.storyboard in Resources */,
			);
			runOnlyForDeploymentPostprocessing = 0;
		};
		6C7598832A5BA49600271DBC /* Resources */ = {
			isa = PBXResourcesBuildPhase;
			buildActionMask = 2147483647;
			files = (
			);
			runOnlyForDeploymentPostprocessing = 0;
		};
		6C75988D2A5BA49600271DBC /* Resources */ = {
			isa = PBXResourcesBuildPhase;
			buildActionMask = 2147483647;
			files = (
			);
			runOnlyForDeploymentPostprocessing = 0;
		};
/* End PBXResourcesBuildPhase section */

/* Begin PBXSourcesBuildPhase section */
		6C75986B2A5BA49400271DBC /* Sources */ = {
			isa = PBXSourcesBuildPhase;
			buildActionMask = 2147483647;
			files = (
				6C7598772A5BA49400271DBC /* ViewController.swift in Sources */,
				6C7598732A5BA49400271DBC /* AppDelegate.swift in Sources */,
				6C7598752A5BA49400271DBC /* SceneDelegate.swift in Sources */,
			);
			runOnlyForDeploymentPostprocessing = 0;
		};
		6C7598812A5BA49600271DBC /* Sources */ = {
			isa = PBXSourcesBuildPhase;
			buildActionMask = 2147483647;
			files = (
				6C75988A2A5BA49600271DBC /* NSURLSessionTests.swift in Sources */,
			);
			runOnlyForDeploymentPostprocessing = 0;
		};
		6C75988B2A5BA49600271DBC /* Sources */ = {
			isa = PBXSourcesBuildPhase;
			buildActionMask = 2147483647;
			files = (
				6C7598962A5BA49600271DBC /* NSURLSessionUITestsLaunchTests.swift in Sources */,
				6C7598942A5BA49600271DBC /* NSURLSessionUITests.swift in Sources */,
			);
			runOnlyForDeploymentPostprocessing = 0;
		};
/* End PBXSourcesBuildPhase section */

/* Begin PBXTargetDependency section */
		6C7598872A5BA49600271DBC /* PBXTargetDependency */ = {
			isa = PBXTargetDependency;
			target = 6C75986E2A5BA49400271DBC /* NSURLSession */;
			targetProxy = 6C7598862A5BA49600271DBC /* PBXContainerItemProxy */;
		};
		6C7598912A5BA49600271DBC /* PBXTargetDependency */ = {
			isa = PBXTargetDependency;
			target = 6C75986E2A5BA49400271DBC /* NSURLSession */;
			targetProxy = 6C7598902A5BA49600271DBC /* PBXContainerItemProxy */;
		};
/* End PBXTargetDependency section */

/* Begin PBXVariantGroup section */
		6C7598782A5BA49400271DBC /* Main.storyboard */ = {
			isa = PBXVariantGroup;
			children = (
				6C7598792A5BA49400271DBC /* Base */,
			);
			name = Main.storyboard;
			sourceTree = "<group>";
		};
		6C75987D2A5BA49500271DBC /* LaunchScreen.storyboard */ = {
			isa = PBXVariantGroup;
			children = (
				6C75987E2A5BA49500271DBC /* Base */,
			);
			name = LaunchScreen.storyboard;
			sourceTree = "<group>";
		};
/* End PBXVariantGroup section */

/* Begin XCBuildConfiguration section */
		6C7598972A5BA49600271DBC /* Debug */ = {
			isa = XCBuildConfiguration;
			buildSettings = {
				ALWAYS_SEARCH_USER_PATHS = NO;
				CLANG_ANALYZER_NONNULL = YES;
				CLANG_ANALYZER_NUMBER_OBJECT_CONVERSION = YES_AGGRESSIVE;
				CLANG_CXX_LANGUAGE_STANDARD = "gnu++20";
				CLANG_ENABLE_MODULES = YES;
				CLANG_ENABLE_OBJC_ARC = YES;
				CLANG_ENABLE_OBJC_WEAK = YES;
				CLANG_WARN_BLOCK_CAPTURE_AUTORELEASING = YES;
				CLANG_WARN_BOOL_CONVERSION = YES;
				CLANG_WARN_COMMA = YES;
				CLANG_WARN_CONSTANT_CONVERSION = YES;
				CLANG_WARN_DEPRECATED_OBJC_IMPLEMENTATIONS = YES;
				CLANG_WARN_DIRECT_OBJC_ISA_USAGE = YES_ERROR;
				CLANG_WARN_DOCUMENTATION_COMMENTS = YES;
				CLANG_WARN_EMPTY_BODY = YES;
				CLANG_WARN_ENUM_CONVERSION = YES;
				CLANG_WARN_INFINITE_RECURSION = YES;
				CLANG_WARN_INT_CONVERSION = YES;
				CLANG_WARN_NON_LITERAL_NULL_CONVERSION = YES;
				CLANG_WARN_OBJC_IMPLICIT_RETAIN_SELF = YES;
				CLANG_WARN_OBJC_LITERAL_CONVERSION = YES;
				CLANG_WARN_OBJC_ROOT_CLASS = YES_ERROR;
				CLANG_WARN_QUOTED_INCLUDE_IN_FRAMEWORK_HEADER = YES;
				CLANG_WARN_RANGE_LOOP_ANALYSIS = YES;
				CLANG_WARN_STRICT_PROTOTYPES = YES;
				CLANG_WARN_SUSPICIOUS_MOVE = YES;
				CLANG_WARN_UNGUARDED_AVAILABILITY = YES_AGGRESSIVE;
				CLANG_WARN_UNREACHABLE_CODE = YES;
				CLANG_WARN__DUPLICATE_METHOD_MATCH = YES;
				COPY_PHASE_STRIP = NO;
				DEBUG_INFORMATION_FORMAT = dwarf;
				ENABLE_STRICT_OBJC_MSGSEND = YES;
				ENABLE_TESTABILITY = YES;
				GCC_C_LANGUAGE_STANDARD = gnu11;
				GCC_DYNAMIC_NO_PIC = NO;
				GCC_NO_COMMON_BLOCKS = YES;
				GCC_OPTIMIZATION_LEVEL = 0;
				GCC_PREPROCESSOR_DEFINITIONS = (
					"DEBUG=1",
					"$(inherited)",
				);
				GCC_WARN_64_TO_32_BIT_CONVERSION = YES;
				GCC_WARN_ABOUT_RETURN_TYPE = YES_ERROR;
				GCC_WARN_UNDECLARED_SELECTOR = YES;
				GCC_WARN_UNINITIALIZED_AUTOS = YES_AGGRESSIVE;
				GCC_WARN_UNUSED_FUNCTION = YES;
				GCC_WARN_UNUSED_VARIABLE = YES;
				IPHONEOS_DEPLOYMENT_TARGET = 16.4;
				MTL_ENABLE_DEBUG_INFO = INCLUDE_SOURCE;
				MTL_FAST_MATH = YES;
				ONLY_ACTIVE_ARCH = YES;
				SDKROOT = iphoneos;
				SWIFT_ACTIVE_COMPILATION_CONDITIONS = DEBUG;
				SWIFT_OPTIMIZATION_LEVEL = "-Onone";
			};
			name = Debug;
		};
		6C7598982A5BA49600271DBC /* Release */ = {
			isa = XCBuildConfiguration;
			buildSettings = {
				ALWAYS_SEARCH_USER_PATHS = NO;
				CLANG_ANALYZER_NONNULL = YES;
				CLANG_ANALYZER_NUMBER_OBJECT_CONVERSION = YES_AGGRESSIVE;
				CLANG_CXX_LANGUAGE_STANDARD = "gnu++20";
				CLANG_ENABLE_MODULES = YES;
				CLANG_ENABLE_OBJC_ARC = YES;
				CLANG_ENABLE_OBJC_WEAK = YES;
				CLANG_WARN_BLOCK_CAPTURE_AUTORELEASING = YES;
				CLANG_WARN_BOOL_CONVERSION = YES;
				CLANG_WARN_COMMA = YES;
				CLANG_WARN_CONSTANT_CONVERSION = YES;
				CLANG_WARN_DEPRECATED_OBJC_IMPLEMENTATIONS = YES;
				CLANG_WARN_DIRECT_OBJC_ISA_USAGE = YES_ERROR;
				CLANG_WARN_DOCUMENTATION_COMMENTS = YES;
				CLANG_WARN_EMPTY_BODY = YES;
				CLANG_WARN_ENUM_CONVERSION = YES;
				CLANG_WARN_INFINITE_RECURSION = YES;
				CLANG_WARN_INT_CONVERSION = YES;
				CLANG_WARN_NON_LITERAL_NULL_CONVERSION = YES;
				CLANG_WARN_OBJC_IMPLICIT_RETAIN_SELF = YES;
				CLANG_WARN_OBJC_LITERAL_CONVERSION = YES;
				CLANG_WARN_OBJC_ROOT_CLASS = YES_ERROR;
				CLANG_WARN_QUOTED_INCLUDE_IN_FRAMEWORK_HEADER = YES;
				CLANG_WARN_RANGE_LOOP_ANALYSIS = YES;
				CLANG_WARN_STRICT_PROTOTYPES = YES;
				CLANG_WARN_SUSPICIOUS_MOVE = YES;
				CLANG_WARN_UNGUARDED_AVAILABILITY = YES_AGGRESSIVE;
				CLANG_WARN_UNREACHABLE_CODE = YES;
				CLANG_WARN__DUPLICATE_METHOD_MATCH = YES;
				COPY_PHASE_STRIP = NO;
				DEBUG_INFORMATION_FORMAT = "dwarf-with-dsym";
				ENABLE_NS_ASSERTIONS = NO;
				ENABLE_STRICT_OBJC_MSGSEND = YES;
				GCC_C_LANGUAGE_STANDARD = gnu11;
				GCC_NO_COMMON_BLOCKS = YES;
				GCC_WARN_64_TO_32_BIT_CONVERSION = YES;
				GCC_WARN_ABOUT_RETURN_TYPE = YES_ERROR;
				GCC_WARN_UNDECLARED_SELECTOR = YES;
				GCC_WARN_UNINITIALIZED_AUTOS = YES_AGGRESSIVE;
				GCC_WARN_UNUSED_FUNCTION = YES;
				GCC_WARN_UNUSED_VARIABLE = YES;
				IPHONEOS_DEPLOYMENT_TARGET = 16.4;
				MTL_ENABLE_DEBUG_INFO = NO;
				MTL_FAST_MATH = YES;
				SDKROOT = iphoneos;
				SWIFT_COMPILATION_MODE = wholemodule;
				SWIFT_OPTIMIZATION_LEVEL = "-O";
				VALIDATE_PRODUCT = YES;
			};
			name = Release;
		};
		6C75989A2A5BA49600271DBC /* Debug */ = {
			isa = XCBuildConfiguration;
			buildSettings = {
				ASSETCATALOG_COMPILER_APPICON_NAME = AppIcon;
				ASSETCATALOG_COMPILER_GLOBAL_ACCENT_COLOR_NAME = AccentColor;
				CODE_SIGN_STYLE = Automatic;
				CURRENT_PROJECT_VERSION = 1;
				DEVELOPMENT_TEAM = J8G8DUU33R;
				GENERATE_INFOPLIST_FILE = YES;
				INFOPLIST_FILE = NSURLSession/Info.plist;
				INFOPLIST_KEY_UIApplicationSupportsIndirectInputEvents = YES;
				INFOPLIST_KEY_UILaunchStoryboardName = LaunchScreen;
				INFOPLIST_KEY_UIMainStoryboardFile = Main;
				INFOPLIST_KEY_UISupportedInterfaceOrientations_iPad = "UIInterfaceOrientationPortrait UIInterfaceOrientationPortraitUpsideDown UIInterfaceOrientationLandscapeLeft UIInterfaceOrientationLandscapeRight";
				INFOPLIST_KEY_UISupportedInterfaceOrientations_iPhone = "UIInterfaceOrientationPortrait UIInterfaceOrientationLandscapeLeft UIInterfaceOrientationLandscapeRight";
				LD_RUNPATH_SEARCH_PATHS = (
					"$(inherited)",
					"@executable_path/Frameworks",
				);
				MARKETING_VERSION = 1.0;
				PRODUCT_BUNDLE_IDENTIFIER = test.NSURLSession;
				PRODUCT_NAME = "$(TARGET_NAME)";
				SWIFT_EMIT_LOC_STRINGS = YES;
				SWIFT_VERSION = 5.0;
				TARGETED_DEVICE_FAMILY = "1,2";
			};
			name = Debug;
		};
		6C75989B2A5BA49600271DBC /* Release */ = {
			isa = XCBuildConfiguration;
			buildSettings = {
				ASSETCATALOG_COMPILER_APPICON_NAME = AppIcon;
				ASSETCATALOG_COMPILER_GLOBAL_ACCENT_COLOR_NAME = AccentColor;
				CODE_SIGN_STYLE = Automatic;
				CURRENT_PROJECT_VERSION = 1;
				DEVELOPMENT_TEAM = J8G8DUU33R;
				GENERATE_INFOPLIST_FILE = YES;
				INFOPLIST_FILE = NSURLSession/Info.plist;
				INFOPLIST_KEY_UIApplicationSupportsIndirectInputEvents = YES;
				INFOPLIST_KEY_UILaunchStoryboardName = LaunchScreen;
				INFOPLIST_KEY_UIMainStoryboardFile = Main;
				INFOPLIST_KEY_UISupportedInterfaceOrientations_iPad = "UIInterfaceOrientationPortrait UIInterfaceOrientationPortraitUpsideDown UIInterfaceOrientationLandscapeLeft UIInterfaceOrientationLandscapeRight";
				INFOPLIST_KEY_UISupportedInterfaceOrientations_iPhone = "UIInterfaceOrientationPortrait UIInterfaceOrientationLandscapeLeft UIInterfaceOrientationLandscapeRight";
				LD_RUNPATH_SEARCH_PATHS = (
					"$(inherited)",
					"@executable_path/Frameworks",
				);
				MARKETING_VERSION = 1.0;
				PRODUCT_BUNDLE_IDENTIFIER = test.NSURLSession;
				PRODUCT_NAME = "$(TARGET_NAME)";
				SWIFT_EMIT_LOC_STRINGS = YES;
				SWIFT_VERSION = 5.0;
				TARGETED_DEVICE_FAMILY = "1,2";
			};
			name = Release;
		};
		6C75989D2A5BA49600271DBC /* Debug */ = {
			isa = XCBuildConfiguration;
			buildSettings = {
				ALWAYS_EMBED_SWIFT_STANDARD_LIBRARIES = YES;
				BUNDLE_LOADER = "$(TEST_HOST)";
				CODE_SIGN_STYLE = Automatic;
				CURRENT_PROJECT_VERSION = 1;
				DEVELOPMENT_TEAM = J8G8DUU33R;
				GENERATE_INFOPLIST_FILE = YES;
				IPHONEOS_DEPLOYMENT_TARGET = 16.4;
				MARKETING_VERSION = 1.0;
				PRODUCT_BUNDLE_IDENTIFIER = test.NSURLSessionTests;
				PRODUCT_NAME = "$(TARGET_NAME)";
				SWIFT_EMIT_LOC_STRINGS = NO;
				SWIFT_VERSION = 5.0;
				TARGETED_DEVICE_FAMILY = "1,2";
				TEST_HOST = "$(BUILT_PRODUCTS_DIR)/NSURLSession.app/$(BUNDLE_EXECUTABLE_FOLDER_PATH)/NSURLSession";
			};
			name = Debug;
		};
		6C75989E2A5BA49600271DBC /* Release */ = {
			isa = XCBuildConfiguration;
			buildSettings = {
				ALWAYS_EMBED_SWIFT_STANDARD_LIBRARIES = YES;
				BUNDLE_LOADER = "$(TEST_HOST)";
				CODE_SIGN_STYLE = Automatic;
				CURRENT_PROJECT_VERSION = 1;
				DEVELOPMENT_TEAM = J8G8DUU33R;
				GENERATE_INFOPLIST_FILE = YES;
				IPHONEOS_DEPLOYMENT_TARGET = 16.4;
				MARKETING_VERSION = 1.0;
				PRODUCT_BUNDLE_IDENTIFIER = test.NSURLSessionTests;
				PRODUCT_NAME = "$(TARGET_NAME)";
				SWIFT_EMIT_LOC_STRINGS = NO;
				SWIFT_VERSION = 5.0;
				TARGETED_DEVICE_FAMILY = "1,2";
				TEST_HOST = "$(BUILT_PRODUCTS_DIR)/NSURLSession.app/$(BUNDLE_EXECUTABLE_FOLDER_PATH)/NSURLSession";
			};
			name = Release;
		};
		6C7598A02A5BA49600271DBC /* Debug */ = {
			isa = XCBuildConfiguration;
			buildSettings = {
				ALWAYS_EMBED_SWIFT_STANDARD_LIBRARIES = YES;
				CODE_SIGN_STYLE = Automatic;
				CURRENT_PROJECT_VERSION = 1;
				DEVELOPMENT_TEAM = J8G8DUU33R;
				GENERATE_INFOPLIST_FILE = YES;
				MARKETING_VERSION = 1.0;
				PRODUCT_BUNDLE_IDENTIFIER = test.NSURLSessionUITests;
				PRODUCT_NAME = "$(TARGET_NAME)";
				SWIFT_EMIT_LOC_STRINGS = NO;
				SWIFT_VERSION = 5.0;
				TARGETED_DEVICE_FAMILY = "1,2";
				TEST_TARGET_NAME = NSURLSession;
			};
			name = Debug;
		};
		6C7598A12A5BA49600271DBC /* Release */ = {
			isa = XCBuildConfiguration;
			buildSettings = {
				ALWAYS_EMBED_SWIFT_STANDARD_LIBRARIES = YES;
				CODE_SIGN_STYLE = Automatic;
				CURRENT_PROJECT_VERSION = 1;
				DEVELOPMENT_TEAM = J8G8DUU33R;
				GENERATE_INFOPLIST_FILE = YES;
				MARKETING_VERSION = 1.0;
				PRODUCT_BUNDLE_IDENTIFIER = test.NSURLSessionUITests;
				PRODUCT_NAME = "$(TARGET_NAME)";
				SWIFT_EMIT_LOC_STRINGS = NO;
				SWIFT_VERSION = 5.0;
				TARGETED_DEVICE_FAMILY = "1,2";
				TEST_TARGET_NAME = NSURLSession;
			};
			name = Release;
		};
/* End XCBuildConfiguration section */

/* Begin XCConfigurationList section */
		6C75986A2A5BA49400271DBC /* Build configuration list for PBXProject "NSURLSession" */ = {
			isa = XCConfigurationList;
			buildConfigurations = (
				6C7598972A5BA49600271DBC /* Debug */,
				6C7598982A5BA49600271DBC /* Release */,
			);
			defaultConfigurationIsVisible = 0;
			defaultConfigurationName = Release;
		};
		6C7598992A5BA49600271DBC /* Build configuration list for PBXNativeTarget "NSURLSession" */ = {
			isa = XCConfigurationList;
			buildConfigurations = (
				6C75989A2A5BA49600271DBC /* Debug */,
				6C75989B2A5BA49600271DBC /* Release */,
			);
			defaultConfigurationIsVisible = 0;
			defaultConfigurationName = Release;
		};
		6C75989C2A5BA49600271DBC /* Build configuration list for PBXNativeTarget "NSURLSessionTests" */ = {
			isa = XCConfigurationList;
			buildConfigurations = (
				6C75989D2A5BA49600271DBC /* Debug */,
				6C75989E2A5BA49600271DBC /* Release */,
			);
			defaultConfigurationIsVisible = 0;
			defaultConfigurationName = Release;
		};
		6C75989F2A5BA49600271DBC /* Build configuration list for PBXNativeTarget "NSURLSessionUITests" */ = {
			isa = XCConfigurationList;
			buildConfigurations = (
				6C7598A02A5BA49600271DBC /* Debug */,
				6C7598A12A5BA49600271DBC /* Release */,
			);
			defaultConfigurationIsVisible = 0;
			defaultConfigurationName = Release;
		};
/* End XCConfigurationList section */
	};
	rootObject = 6C7598672A5BA49400271DBC /* Project object */;
}
